PODS:
  - Alamofire (5.9.1)
  - SwiftyJSON (5.0.2)

DEPENDENCIES:
  - Alamofire
  - SwiftyJSON

SPEC REPOS:
  trunk:
    - Alamofire
    - SwiftyJSON

SPEC CHECKSUMS:
  Alamofire: f36a35757af4587d8e4f4bfa223ad10be2422b8c
  SwiftyJSON: f5b1bf1cd8dd53cd25887ac0eabcfd92301c6a5a

PODFILE CHECKSUM: 169db816f675e1eaaa82e27b2925f81f0c876cef

COCOAPODS: 1.15.2
