PODS:
  - SDWebImage (5.20.0):
    - SDWebImage/Core (= 5.20.0)
  - SDWebImage/Core (5.20.0)
  - SDWebImageSwiftUI (3.1.3):
    - SDWebImage (~> 5.10)

DEPENDENCIES:
  - SDWebImageSwiftUI

SPEC REPOS:
  trunk:
    - SDWebImage
    - SDWebImageSwiftUI

SPEC CHECKSUMS:
  SDWebImage: 73c6079366fea25fa4bb9640d5fb58f0893facd8
  SDWebImageSwiftUI: a6d7129fb68fc18c8b930b869ddcfce314e49ded

PODFILE CHECKSUM: 1f1c65550387fe5c2dbd3e9fd33fedcfa6c2b109

COCOAPODS: 1.15.2
